
Microsoft Visual Studio Solution File, Format Version 12.00
# Visual Studio 16
Project("{FAE04EC0-301F-11D3-BF4B-00C04F79EFBC}") = "Assembly-CSharp", "Assembly-CSharp.csproj", "{57155056-F245-5A3C-E15F-B3509F7B1EAC}"
EndProject
Global
	GlobalSection(SolutionConfigurationPlatforms) = preSolution
		Debug|Any CPU = Debug|Any CPU
		Release|Any CPU = Release|Any CPU
	EndGlobalSection
	GlobalSection(ProjectConfigurationPlatforms) = postSolution
		{57155056-F245-5A3C-E15F-B3509F7B1EAC}.Debug|Any CPU.ActiveCfg = Debug|Any CPU
		{57155056-F245-5A3C-E15F-B3509F7B1EAC}.Debug|Any CPU.Build.0 = Debug|Any CPU
		{57155056-F245-5A3C-E15F-B3509F7B1EAC}.Release|Any CPU.ActiveCfg = Release|Any CPU
		{57155056-F245-5A3C-E15F-B3509F7B1EAC}.Release|Any CPU.Build.0 = Release|Any CPU
	EndGlobalSection
	GlobalSection(SolutionProperties) = preSolution
		HideSolutionNode = FALSE
	EndGlobalSection
EndGlobal
